
Microsoft Visual Studio Solution File, Format Version 12.00
# Visual Studio 14
VisualStudioVersion = 14.0.25123.0
MinimumVisualStudioVersion = 10.0.40219.1
Project("{9092AA53-FB77-4645-B42D-1CCCA6BD08BD}") = "DataMigrationTool", "DataMigrationTool\DataMigrationTool.njsproj", "{970AF3F4-74E9-4AAC-8E2F-88CA27787ABD}"
EndProject
Global
	GlobalSection(SolutionConfigurationPlatforms) = preSolution
		Debug|Any CPU = Debug|Any CPU
		Release|Any CPU = Release|Any CPU
	EndGlobalSection
	GlobalSection(ProjectConfigurationPlatforms) = postSolution
		{970AF3F4-74E9-4AAC-8E2F-88CA27787ABD}.Debug|Any CPU.ActiveCfg = Debug|Any CPU
		{970AF3F4-74E9-4AAC-8E2F-88CA27787ABD}.Debug|Any CPU.Build.0 = Debug|Any CPU
		{970AF3F4-74E9-4AAC-8E2F-88CA27787ABD}.Release|Any CPU.ActiveCfg = Release|Any CPU
		{970AF3F4-74E9-4AAC-8E2F-88CA27787ABD}.Release|Any CPU.Build.0 = Release|Any CPU
	EndGlobalSection
	GlobalSection(SolutionProperties) = preSolution
		HideSolutionNode = FALSE
	EndGlobalSection
EndGlobal
